
Microsoft Visual Studio Solution File, Format Version 12.00
# Visual Studio 15
VisualStudioVersion = 15.0.28307.136
MinimumVisualStudioVersion = 10.0.40219.1
Project("{FAE04EC0-301F-11D3-BF4B-00C04F79EFBC}") = "ProjectEulerNet", "ProjectEulerNet\ProjectEulerNet.csproj", "{C2B5B969-0AEE-49D7-AD44-C10F5F7935FD}"
EndProject
Project("{FAE04EC0-301F-11D3-BF4B-00C04F79EFBC}") = "ProjectEulerTests", "ProjectEulerTests\ProjectEulerTests.csproj", "{9DEB6C8F-ABD7-4009-B602-2B8A273303BF}"
EndProject
Global
	GlobalSection(SolutionConfigurationPlatforms) = preSolution
		Debug|Any CPU = Debug|Any CPU
		Release|Any CPU = Release|Any CPU
	EndGlobalSection
	GlobalSection(ProjectConfigurationPlatforms) = postSolution
		{C2B5B969-0AEE-49D7-AD44-C10F5F7935FD}.Debug|Any CPU.ActiveCfg = Debug|Any CPU
		{C2B5B969-0AEE-49D7-AD44-C10F5F7935FD}.Debug|Any CPU.Build.0 = Debug|Any CPU
		{C2B5B969-0AEE-49D7-AD44-C10F5F7935FD}.Release|Any CPU.ActiveCfg = Release|Any CPU
		{C2B5B969-0AEE-49D7-AD44-C10F5F7935FD}.Release|Any CPU.Build.0 = Release|Any CPU
		{9DEB6C8F-ABD7-4009-B602-2B8A273303BF}.Debug|Any CPU.ActiveCfg = Debug|Any CPU
		{9DEB6C8F-ABD7-4009-B602-2B8A273303BF}.Debug|Any CPU.Build.0 = Debug|Any CPU
		{9DEB6C8F-ABD7-4009-B602-2B8A273303BF}.Release|Any CPU.ActiveCfg = Release|Any CPU
		{9DEB6C8F-ABD7-4009-B602-2B8A273303BF}.Release|Any CPU.Build.0 = Release|Any CPU
	EndGlobalSection
	GlobalSection(SolutionProperties) = preSolution
		HideSolutionNode = FALSE
	EndGlobalSection
	GlobalSection(ExtensibilityGlobals) = postSolution
		SolutionGuid = {638F26F3-E875-4B57-B1D6-E78578BCAD71}
	EndGlobalSection
EndGlobal
